
Microsoft Visual Studio Solution File, Format Version 12.00
# Visual Studio Version 17
VisualStudioVersion = 17.9.34723.18
MinimumVisualStudioVersion = 10.0.40219.1
Project("{FAE04EC0-301F-11D3-BF4B-00C04F79EFBC}") = "Week 8 list view second try", "Week 8 list view second try.csproj", "{B94FC429-6A4B-42CC-80D0-2D7AA255F69D}"
EndProject
Global
	GlobalSection(SolutionConfigurationPlatforms) = preSolution
		Debug|Any CPU = Debug|Any CPU
		Release|Any CPU = Release|Any CPU
	EndGlobalSection
	GlobalSection(ProjectConfigurationPlatforms) = postSolution
		{B94FC429-6A4B-42CC-80D0-2D7AA255F69D}.Debug|Any CPU.ActiveCfg = Debug|Any CPU
		{B94FC429-6A4B-42CC-80D0-2D7AA255F69D}.Debug|Any CPU.Build.0 = Debug|Any CPU
		{B94FC429-6A4B-42CC-80D0-2D7AA255F69D}.Release|Any CPU.ActiveCfg = Release|Any CPU
		{B94FC429-6A4B-42CC-80D0-2D7AA255F69D}.Release|Any CPU.Build.0 = Release|Any CPU
	EndGlobalSection
	GlobalSection(SolutionProperties) = preSolution
		HideSolutionNode = FALSE
	EndGlobalSection
	GlobalSection(ExtensibilityGlobals) = postSolution
		SolutionGuid = {69C170A6-8F12-447B-AF1D-ACAA899A7124}
	EndGlobalSection
EndGlobal
